
Microsoft Visual Studio Solution File, Format Version 12.00
# Visual Studio Version 16
VisualStudioVersion = 16.0.28922.388
MinimumVisualStudioVersion = 10.0.40219.1
Project("{9A19103F-16F7-4668-BE54-9A1E7A4F7556}") = "SmartHome.API", "src\SmartHome.API\SmartHome.API.csproj", "{42D6CC80-881F-4FCF-A576-5C04090BCEF5}"
EndProject
Project("{9A19103F-16F7-4668-BE54-9A1E7A4F7556}") = "SmartHome.Core.Domain", "src\SmartHome.Domain\SmartHome.Core.Domain.csproj", "{F9E405AE-75D7-4CDF-BCBB-6E78FA7AD567}"
EndProject
Project("{9A19103F-16F7-4668-BE54-9A1E7A4F7556}") = "SmartHome.Core", "src\SmartHome.Core\SmartHome.Core.csproj", "{2BF9D23E-C397-4816-943B-5A440CB5AD9B}"
EndProject
Project("{9A19103F-16F7-4668-BE54-9A1E7A4F7556}") = "SmartHome.DataAccess.Tests", "test\SmartHome.UnitTests\SmartHome.DataAccess.Tests.csproj", "{47BABBDC-39DB-461B-A7EE-D2813981DE99}"
EndProject
Project("{9A19103F-16F7-4668-BE54-9A1E7A4F7556}") = "SmartHome.Core.DataAccess", "src\SmartHome.Core.DataAccess\SmartHome.Core.DataAccess.csproj", "{A5E2B357-3A8C-4786-90A2-A586CEEEBE7B}"
EndProject
Project("{9A19103F-16F7-4668-BE54-9A1E7A4F7556}") = "SmartHome.Core.Contracts.Mqtt.MessageHandling", "src\SmartHome.Core.Contracts\SmartHome.Core.Contracts.Mqtt.MessageHandling\SmartHome.Core.Contracts.Mqtt.MessageHandling.csproj", "{0EB9307D-CC43-43D6-AE33-9D66A647C4CD}"
EndProject
Project("{2150E333-8FDC-42A3-9474-1A3956D46DE8}") = "Contracts", "Contracts", "{FAE4FE9B-6E88-4F6C-8D60-CCC065B0B15B}"
EndProject
Project("{9A19103F-16F7-4668-BE54-9A1E7A4F7556}") = "SmartHome.Core.Contracts.Mqtt.Control", "src\SmartHome.Core.Contracts\SmartHome.Core.Contracts.Mqtt.Control\SmartHome.Core.Contracts.Mqtt.Control.csproj", "{74B33063-5FEC-492E-ACE0-F126A37F1588}"
EndProject
Project("{9A19103F-16F7-4668-BE54-9A1E7A4F7556}") = "SmartHome.Core.Contracts.Rest.Control", "src\SmartHome.Core.Contracts\SmartHome.Core.Contracts.Rest.Control\SmartHome.Core.Contracts.Rest.Control.csproj", "{C17498C5-6A12-4DAF-A8CA-5C75B80F7221}"
EndProject
Project("{9A19103F-16F7-4668-BE54-9A1E7A4F7556}") = "SmartHome.Core.IoC", "src\SmartHome.Core.IoC\SmartHome.Core.IoC.csproj", "{97FA0EE5-3E1C-450A-A625-6149A7555807}"
EndProject
Global
	GlobalSection(SolutionConfigurationPlatforms) = preSolution
		Debug|Any CPU = Debug|Any CPU
		Release|Any CPU = Release|Any CPU
	EndGlobalSection
	GlobalSection(ProjectConfigurationPlatforms) = postSolution
		{42D6CC80-881F-4FCF-A576-5C04090BCEF5}.Debug|Any CPU.ActiveCfg = Debug|Any CPU
		{42D6CC80-881F-4FCF-A576-5C04090BCEF5}.Debug|Any CPU.Build.0 = Debug|Any CPU
		{42D6CC80-881F-4FCF-A576-5C04090BCEF5}.Release|Any CPU.ActiveCfg = Release|Any CPU
		{42D6CC80-881F-4FCF-A576-5C04090BCEF5}.Release|Any CPU.Build.0 = Release|Any CPU
		{F9E405AE-75D7-4CDF-BCBB-6E78FA7AD567}.Debug|Any CPU.ActiveCfg = Debug|Any CPU
		{F9E405AE-75D7-4CDF-BCBB-6E78FA7AD567}.Debug|Any CPU.Build.0 = Debug|Any CPU
		{F9E405AE-75D7-4CDF-BCBB-6E78FA7AD567}.Release|Any CPU.ActiveCfg = Release|Any CPU
		{F9E405AE-75D7-4CDF-BCBB-6E78FA7AD567}.Release|Any CPU.Build.0 = Release|Any CPU
		{2BF9D23E-C397-4816-943B-5A440CB5AD9B}.Debug|Any CPU.ActiveCfg = Debug|Any CPU
		{2BF9D23E-C397-4816-943B-5A440CB5AD9B}.Debug|Any CPU.Build.0 = Debug|Any CPU
		{2BF9D23E-C397-4816-943B-5A440CB5AD9B}.Release|Any CPU.ActiveCfg = Release|Any CPU
		{2BF9D23E-C397-4816-943B-5A440CB5AD9B}.Release|Any CPU.Build.0 = Release|Any CPU
		{47BABBDC-39DB-461B-A7EE-D2813981DE99}.Debug|Any CPU.ActiveCfg = Debug|Any CPU
		{47BABBDC-39DB-461B-A7EE-D2813981DE99}.Debug|Any CPU.Build.0 = Debug|Any CPU
		{47BABBDC-39DB-461B-A7EE-D2813981DE99}.Release|Any CPU.ActiveCfg = Release|Any CPU
		{47BABBDC-39DB-461B-A7EE-D2813981DE99}.Release|Any CPU.Build.0 = Release|Any CPU
		{A5E2B357-3A8C-4786-90A2-A586CEEEBE7B}.Debug|Any CPU.ActiveCfg = Debug|Any CPU
		{A5E2B357-3A8C-4786-90A2-A586CEEEBE7B}.Debug|Any CPU.Build.0 = Debug|Any CPU
		{A5E2B357-3A8C-4786-90A2-A586CEEEBE7B}.Release|Any CPU.ActiveCfg = Release|Any CPU
		{A5E2B357-3A8C-4786-90A2-A586CEEEBE7B}.Release|Any CPU.Build.0 = Release|Any CPU
		{0EB9307D-CC43-43D6-AE33-9D66A647C4CD}.Debug|Any CPU.ActiveCfg = Debug|Any CPU
		{0EB9307D-CC43-43D6-AE33-9D66A647C4CD}.Debug|Any CPU.Build.0 = Debug|Any CPU
		{0EB9307D-CC43-43D6-AE33-9D66A647C4CD}.Release|Any CPU.ActiveCfg = Release|Any CPU
		{0EB9307D-CC43-43D6-AE33-9D66A647C4CD}.Release|Any CPU.Build.0 = Release|Any CPU
		{74B33063-5FEC-492E-ACE0-F126A37F1588}.Debug|Any CPU.ActiveCfg = Debug|Any CPU
		{74B33063-5FEC-492E-ACE0-F126A37F1588}.Debug|Any CPU.Build.0 = Debug|Any CPU
		{74B33063-5FEC-492E-ACE0-F126A37F1588}.Release|Any CPU.ActiveCfg = Release|Any CPU
		{74B33063-5FEC-492E-ACE0-F126A37F1588}.Release|Any CPU.Build.0 = Release|Any CPU
		{C17498C5-6A12-4DAF-A8CA-5C75B80F7221}.Debug|Any CPU.ActiveCfg = Debug|Any CPU
		{C17498C5-6A12-4DAF-A8CA-5C75B80F7221}.Debug|Any CPU.Build.0 = Debug|Any CPU
		{C17498C5-6A12-4DAF-A8CA-5C75B80F7221}.Release|Any CPU.ActiveCfg = Release|Any CPU
		{C17498C5-6A12-4DAF-A8CA-5C75B80F7221}.Release|Any CPU.Build.0 = Release|Any CPU
		{97FA0EE5-3E1C-450A-A625-6149A7555807}.Debug|Any CPU.ActiveCfg = Debug|Any CPU
		{97FA0EE5-3E1C-450A-A625-6149A7555807}.Debug|Any CPU.Build.0 = Debug|Any CPU
		{97FA0EE5-3E1C-450A-A625-6149A7555807}.Release|Any CPU.ActiveCfg = Release|Any CPU
		{97FA0EE5-3E1C-450A-A625-6149A7555807}.Release|Any CPU.Build.0 = Release|Any CPU
	EndGlobalSection
	GlobalSection(SolutionProperties) = preSolution
		HideSolutionNode = FALSE
	EndGlobalSection
	GlobalSection(NestedProjects) = preSolution
		{0EB9307D-CC43-43D6-AE33-9D66A647C4CD} = {FAE4FE9B-6E88-4F6C-8D60-CCC065B0B15B}
		{74B33063-5FEC-492E-ACE0-F126A37F1588} = {FAE4FE9B-6E88-4F6C-8D60-CCC065B0B15B}
		{C17498C5-6A12-4DAF-A8CA-5C75B80F7221} = {FAE4FE9B-6E88-4F6C-8D60-CCC065B0B15B}
	EndGlobalSection
	GlobalSection(ExtensibilityGlobals) = postSolution
		SolutionGuid = {68CAEBA0-5529-44C7-82DC-114D2B13A91E}
	EndGlobalSection
EndGlobal
