
Microsoft Visual Studio Solution File, Format Version 12.00
# Visual Studio 15
VisualStudioVersion = 15.0.28307.539
MinimumVisualStudioVersion = 10.0.40219.1
Project("{9A19103F-16F7-4668-BE54-9A1E7A4F7556}") = "SmartHome.API", "src\SmartHome.API\SmartHome.API.csproj", "{42D6CC80-881F-4FCF-A576-5C04090BCEF5}"
EndProject
Project("{9A19103F-16F7-4668-BE54-9A1E7A4F7556}") = "SmartHome.Domain", "src\SmartHome.Domain\SmartHome.Domain.csproj", "{F9E405AE-75D7-4CDF-BCBB-6E78FA7AD567}"
EndProject
Project("{9A19103F-16F7-4668-BE54-9A1E7A4F7556}") = "SmartHome.Core", "src\SmartHome.Core\SmartHome.Core.csproj", "{2BF9D23E-C397-4816-943B-5A440CB5AD9B}"
EndProject
Project("{FAE04EC0-301F-11D3-BF4B-00C04F79EFBC}") = "SmartHome.UnitTests", "test\SmartHome.UnitTests\SmartHome.UnitTests.csproj", "{47BABBDC-39DB-461B-A7EE-D2813981DE99}"
EndProject
Global
	GlobalSection(SolutionConfigurationPlatforms) = preSolution
		Debug|Any CPU = Debug|Any CPU
		Release|Any CPU = Release|Any CPU
	EndGlobalSection
	GlobalSection(ProjectConfigurationPlatforms) = postSolution
		{42D6CC80-881F-4FCF-A576-5C04090BCEF5}.Debug|Any CPU.ActiveCfg = Debug|Any CPU
		{42D6CC80-881F-4FCF-A576-5C04090BCEF5}.Debug|Any CPU.Build.0 = Debug|Any CPU
		{42D6CC80-881F-4FCF-A576-5C04090BCEF5}.Release|Any CPU.ActiveCfg = Release|Any CPU
		{42D6CC80-881F-4FCF-A576-5C04090BCEF5}.Release|Any CPU.Build.0 = Release|Any CPU
		{F9E405AE-75D7-4CDF-BCBB-6E78FA7AD567}.Debug|Any CPU.ActiveCfg = Debug|Any CPU
		{F9E405AE-75D7-4CDF-BCBB-6E78FA7AD567}.Debug|Any CPU.Build.0 = Debug|Any CPU
		{F9E405AE-75D7-4CDF-BCBB-6E78FA7AD567}.Release|Any CPU.ActiveCfg = Release|Any CPU
		{F9E405AE-75D7-4CDF-BCBB-6E78FA7AD567}.Release|Any CPU.Build.0 = Release|Any CPU
		{2BF9D23E-C397-4816-943B-5A440CB5AD9B}.Debug|Any CPU.ActiveCfg = Debug|Any CPU
		{2BF9D23E-C397-4816-943B-5A440CB5AD9B}.Debug|Any CPU.Build.0 = Debug|Any CPU
		{2BF9D23E-C397-4816-943B-5A440CB5AD9B}.Release|Any CPU.ActiveCfg = Release|Any CPU
		{2BF9D23E-C397-4816-943B-5A440CB5AD9B}.Release|Any CPU.Build.0 = Release|Any CPU
		{47BABBDC-39DB-461B-A7EE-D2813981DE99}.Debug|Any CPU.ActiveCfg = Debug|Any CPU
		{47BABBDC-39DB-461B-A7EE-D2813981DE99}.Debug|Any CPU.Build.0 = Debug|Any CPU
		{47BABBDC-39DB-461B-A7EE-D2813981DE99}.Release|Any CPU.ActiveCfg = Release|Any CPU
		{47BABBDC-39DB-461B-A7EE-D2813981DE99}.Release|Any CPU.Build.0 = Release|Any CPU
	EndGlobalSection
	GlobalSection(SolutionProperties) = preSolution
		HideSolutionNode = FALSE
	EndGlobalSection
	GlobalSection(ExtensibilityGlobals) = postSolution
		SolutionGuid = {68CAEBA0-5529-44C7-82DC-114D2B13A91E}
	EndGlobalSection
EndGlobal
